
Microsoft Visual Studio Solution File, Format Version 12.00
Project("{F2A71F9B-5D33-465A-A702-920D77279786}") = "StereoDB", "src\StereoDB\StereoDB.fsproj", "{10D31B1A-8FA0-41CF-864F-EDD5BB9D08F7}"
EndProject
Project("{F2A71F9B-5D33-465A-A702-920D77279786}") = "StereoDB.Tests", "tests\StereoDB.Tests\StereoDB.Tests.fsproj", "{AB7ABE27-8857-4703-B793-EB29D6354FF1}"
EndProject
Project("{F2A71F9B-5D33-465A-A702-920D77279786}") = "StereoDB.FSharp", "src\StereoDB.FSharp\StereoDB.FSharp.fsproj", "{9641BE46-6678-4AC4-9105-5EEC56FAA015}"
EndProject
Project("{2150E333-8FDC-42A3-9474-1A3956D46DE8}") = "benchmarks", "benchmarks", "{0394F1BC-7633-4A5B-91D9-870BB3D3A842}"
EndProject
Project("{2150E333-8FDC-42A3-9474-1A3956D46DE8}") = "tests", "tests", "{1C2B539B-C9CD-484F-AB8E-D87645C74DF4}"
EndProject
Project("{FAE04EC0-301F-11D3-BF4B-00C04F79EFBC}") = "StereoDB.Benchmarks", "benchmarks\StereoDB.Benchmarks\StereoDB.Benchmarks.csproj", "{CB0CF20D-FBFC-4B32-9B9A-C73DA67F446D}"
EndProject
Global
	GlobalSection(SolutionConfigurationPlatforms) = preSolution
		Debug|Any CPU = Debug|Any CPU
		Release|Any CPU = Release|Any CPU
	EndGlobalSection
	GlobalSection(ProjectConfigurationPlatforms) = postSolution
		{10D31B1A-8FA0-41CF-864F-EDD5BB9D08F7}.Debug|Any CPU.ActiveCfg = Debug|Any CPU
		{10D31B1A-8FA0-41CF-864F-EDD5BB9D08F7}.Debug|Any CPU.Build.0 = Debug|Any CPU
		{10D31B1A-8FA0-41CF-864F-EDD5BB9D08F7}.Release|Any CPU.ActiveCfg = Release|Any CPU
		{10D31B1A-8FA0-41CF-864F-EDD5BB9D08F7}.Release|Any CPU.Build.0 = Release|Any CPU
		{AB7ABE27-8857-4703-B793-EB29D6354FF1}.Debug|Any CPU.ActiveCfg = Debug|Any CPU
		{AB7ABE27-8857-4703-B793-EB29D6354FF1}.Debug|Any CPU.Build.0 = Debug|Any CPU
		{AB7ABE27-8857-4703-B793-EB29D6354FF1}.Release|Any CPU.ActiveCfg = Release|Any CPU
		{AB7ABE27-8857-4703-B793-EB29D6354FF1}.Release|Any CPU.Build.0 = Release|Any CPU
		{9641BE46-6678-4AC4-9105-5EEC56FAA015}.Debug|Any CPU.ActiveCfg = Debug|Any CPU
		{9641BE46-6678-4AC4-9105-5EEC56FAA015}.Debug|Any CPU.Build.0 = Debug|Any CPU
		{9641BE46-6678-4AC4-9105-5EEC56FAA015}.Release|Any CPU.ActiveCfg = Release|Any CPU
		{9641BE46-6678-4AC4-9105-5EEC56FAA015}.Release|Any CPU.Build.0 = Release|Any CPU
		{CB0CF20D-FBFC-4B32-9B9A-C73DA67F446D}.Debug|Any CPU.ActiveCfg = Debug|Any CPU
		{CB0CF20D-FBFC-4B32-9B9A-C73DA67F446D}.Debug|Any CPU.Build.0 = Debug|Any CPU
		{CB0CF20D-FBFC-4B32-9B9A-C73DA67F446D}.Release|Any CPU.ActiveCfg = Release|Any CPU
		{CB0CF20D-FBFC-4B32-9B9A-C73DA67F446D}.Release|Any CPU.Build.0 = Release|Any CPU
	EndGlobalSection
	GlobalSection(NestedProjects) = preSolution
		{AB7ABE27-8857-4703-B793-EB29D6354FF1} = {1C2B539B-C9CD-484F-AB8E-D87645C74DF4}
		{CB0CF20D-FBFC-4B32-9B9A-C73DA67F446D} = {0394F1BC-7633-4A5B-91D9-870BB3D3A842}
	EndGlobalSection
EndGlobal
